
Microsoft Visual Studio Solution File, Format Version 12.00
# Visual Studio Version 17
VisualStudioVersion = 17.1.32319.34
MinimumVisualStudioVersion = 10.0.40219.1
Project("{9A19103F-16F7-4668-BE54-9A1E7A4F7556}") = "CalculadoraIMC", "CalculadoraIMC\CalculadoraIMC.csproj", "{DA0886DB-F79D-4235-8C16-D7CD03FEDE5F}"
EndProject
Project("{FAE04EC0-301F-11D3-BF4B-00C04F79EFBC}") = "XUnitTest", "XUnitTest\XUnitTest.csproj", "{FE999DD9-29AF-46AE-B5B6-E6A3B70E89B2}"
EndProject
Global
	GlobalSection(SolutionConfigurationPlatforms) = preSolution
		Debug|Any CPU = Debug|Any CPU
		Release|Any CPU = Release|Any CPU
	EndGlobalSection
	GlobalSection(ProjectConfigurationPlatforms) = postSolution
		{DA0886DB-F79D-4235-8C16-D7CD03FEDE5F}.Debug|Any CPU.ActiveCfg = Debug|Any CPU
		{DA0886DB-F79D-4235-8C16-D7CD03FEDE5F}.Debug|Any CPU.Build.0 = Debug|Any CPU
		{DA0886DB-F79D-4235-8C16-D7CD03FEDE5F}.Release|Any CPU.ActiveCfg = Release|Any CPU
		{DA0886DB-F79D-4235-8C16-D7CD03FEDE5F}.Release|Any CPU.Build.0 = Release|Any CPU
		{FE999DD9-29AF-46AE-B5B6-E6A3B70E89B2}.Debug|Any CPU.ActiveCfg = Debug|Any CPU
		{FE999DD9-29AF-46AE-B5B6-E6A3B70E89B2}.Debug|Any CPU.Build.0 = Debug|Any CPU
		{FE999DD9-29AF-46AE-B5B6-E6A3B70E89B2}.Release|Any CPU.ActiveCfg = Release|Any CPU
		{FE999DD9-29AF-46AE-B5B6-E6A3B70E89B2}.Release|Any CPU.Build.0 = Release|Any CPU
	EndGlobalSection
	GlobalSection(SolutionProperties) = preSolution
		HideSolutionNode = FALSE
	EndGlobalSection
	GlobalSection(ExtensibilityGlobals) = postSolution
		SolutionGuid = {6ED76786-8B32-4CBE-B9D2-8AECDBC25059}
	EndGlobalSection
EndGlobal
